
Microsoft Visual Studio Solution File, Format Version 12.00
# Visual Studio Version 16
VisualStudioVersion = 16.0.31005.135
MinimumVisualStudioVersion = 10.0.40219.1
Project("{FAE04EC0-301F-11D3-BF4B-00C04F79EFBC}") = "oopsDemo", "oopsDemo\oopsDemo.csproj", "{3E2635AD-FC00-4C43-A958-4B245F8E8428}"
EndProject
Project("{FAE04EC0-301F-11D3-BF4B-00C04F79EFBC}") = "EncapsulationDemo", "EncapsulationDemo\EncapsulationDemo.csproj", "{0F53993D-93B4-4551-B9BF-D4927604F010}"
EndProject
Project("{FAE04EC0-301F-11D3-BF4B-00C04F79EFBC}") = "Polymorphisum", "Polymorphisum\Polymorphisum.csproj", "{D7CB3337-CE93-439F-BF17-3A763B621235}"
EndProject
Project("{FAE04EC0-301F-11D3-BF4B-00C04F79EFBC}") = "InheritanceDemo", "InheritanceDEmo\InheritanceDemo.csproj", "{D5AFDCF4-C732-4A9E-A7B3-7A5DDB6D9C62}"
EndProject
Project("{FAE04EC0-301F-11D3-BF4B-00C04F79EFBC}") = "AbstractDemo", "AbstractDemo\AbstractDemo.csproj", "{8CEE8CBC-9702-4AF7-BCEB-4DEC905F16C3}"
EndProject
Project("{FAE04EC0-301F-11D3-BF4B-00C04F79EFBC}") = "InterfaceDemo", "InterfaceDemo\InterfaceDemo.csproj", "{0FA1368C-FFA4-4B09-9C7D-B60127E93952}"
EndProject
Project("{FAE04EC0-301F-11D3-BF4B-00C04F79EFBC}") = "Static", "..\..\..\Desktop\Trainings\SupportingDocs\Module 1\C#.NET\Demos\1CSharp Demos\Day2\OOP03\Static.csproj", "{384E1DDE-223D-42DD-AC53-40F18A1DB6D5}"
EndProject
Project("{FAE04EC0-301F-11D3-BF4B-00C04F79EFBC}") = "ExtensionMethodDemo", "ExtensionMethodDemo\ExtensionMethodDemo.csproj", "{75DF8D17-823F-442B-BA01-D4DF355A7D82}"
EndProject
Global
	GlobalSection(SolutionConfigurationPlatforms) = preSolution
		Debug|Any CPU = Debug|Any CPU
		Release|Any CPU = Release|Any CPU
	EndGlobalSection
	GlobalSection(ProjectConfigurationPlatforms) = postSolution
		{3E2635AD-FC00-4C43-A958-4B245F8E8428}.Debug|Any CPU.ActiveCfg = Debug|Any CPU
		{3E2635AD-FC00-4C43-A958-4B245F8E8428}.Debug|Any CPU.Build.0 = Debug|Any CPU
		{3E2635AD-FC00-4C43-A958-4B245F8E8428}.Release|Any CPU.ActiveCfg = Release|Any CPU
		{3E2635AD-FC00-4C43-A958-4B245F8E8428}.Release|Any CPU.Build.0 = Release|Any CPU
		{0F53993D-93B4-4551-B9BF-D4927604F010}.Debug|Any CPU.ActiveCfg = Debug|Any CPU
		{0F53993D-93B4-4551-B9BF-D4927604F010}.Debug|Any CPU.Build.0 = Debug|Any CPU
		{0F53993D-93B4-4551-B9BF-D4927604F010}.Release|Any CPU.ActiveCfg = Release|Any CPU
		{0F53993D-93B4-4551-B9BF-D4927604F010}.Release|Any CPU.Build.0 = Release|Any CPU
		{D7CB3337-CE93-439F-BF17-3A763B621235}.Debug|Any CPU.ActiveCfg = Debug|Any CPU
		{D7CB3337-CE93-439F-BF17-3A763B621235}.Debug|Any CPU.Build.0 = Debug|Any CPU
		{D7CB3337-CE93-439F-BF17-3A763B621235}.Release|Any CPU.ActiveCfg = Release|Any CPU
		{D7CB3337-CE93-439F-BF17-3A763B621235}.Release|Any CPU.Build.0 = Release|Any CPU
		{D5AFDCF4-C732-4A9E-A7B3-7A5DDB6D9C62}.Debug|Any CPU.ActiveCfg = Debug|Any CPU
		{D5AFDCF4-C732-4A9E-A7B3-7A5DDB6D9C62}.Debug|Any CPU.Build.0 = Debug|Any CPU
		{D5AFDCF4-C732-4A9E-A7B3-7A5DDB6D9C62}.Release|Any CPU.ActiveCfg = Release|Any CPU
		{D5AFDCF4-C732-4A9E-A7B3-7A5DDB6D9C62}.Release|Any CPU.Build.0 = Release|Any CPU
		{8CEE8CBC-9702-4AF7-BCEB-4DEC905F16C3}.Debug|Any CPU.ActiveCfg = Debug|Any CPU
		{8CEE8CBC-9702-4AF7-BCEB-4DEC905F16C3}.Debug|Any CPU.Build.0 = Debug|Any CPU
		{8CEE8CBC-9702-4AF7-BCEB-4DEC905F16C3}.Release|Any CPU.ActiveCfg = Release|Any CPU
		{8CEE8CBC-9702-4AF7-BCEB-4DEC905F16C3}.Release|Any CPU.Build.0 = Release|Any CPU
		{0FA1368C-FFA4-4B09-9C7D-B60127E93952}.Debug|Any CPU.ActiveCfg = Debug|Any CPU
		{0FA1368C-FFA4-4B09-9C7D-B60127E93952}.Debug|Any CPU.Build.0 = Debug|Any CPU
		{0FA1368C-FFA4-4B09-9C7D-B60127E93952}.Release|Any CPU.ActiveCfg = Release|Any CPU
		{0FA1368C-FFA4-4B09-9C7D-B60127E93952}.Release|Any CPU.Build.0 = Release|Any CPU
		{384E1DDE-223D-42DD-AC53-40F18A1DB6D5}.Debug|Any CPU.ActiveCfg = Debug|Any CPU
		{384E1DDE-223D-42DD-AC53-40F18A1DB6D5}.Debug|Any CPU.Build.0 = Debug|Any CPU
		{384E1DDE-223D-42DD-AC53-40F18A1DB6D5}.Release|Any CPU.ActiveCfg = Release|Any CPU
		{384E1DDE-223D-42DD-AC53-40F18A1DB6D5}.Release|Any CPU.Build.0 = Release|Any CPU
		{75DF8D17-823F-442B-BA01-D4DF355A7D82}.Debug|Any CPU.ActiveCfg = Debug|Any CPU
		{75DF8D17-823F-442B-BA01-D4DF355A7D82}.Debug|Any CPU.Build.0 = Debug|Any CPU
		{75DF8D17-823F-442B-BA01-D4DF355A7D82}.Release|Any CPU.ActiveCfg = Release|Any CPU
		{75DF8D17-823F-442B-BA01-D4DF355A7D82}.Release|Any CPU.Build.0 = Release|Any CPU
	EndGlobalSection
	GlobalSection(SolutionProperties) = preSolution
		HideSolutionNode = FALSE
	EndGlobalSection
	GlobalSection(ExtensibilityGlobals) = postSolution
		SolutionGuid = {96227AC2-5B73-479E-B310-EAE5A2D57D94}
	EndGlobalSection
EndGlobal
